github.com/FortAwesome/Font-Awesome v0.0.0-20241216213156-af620534bfc3 h1:/iluJkJiyTAdnqrw3Yi9rH2HNHhrrtCmj8VJe7I6o3w=
github.com/FortAwesome/Font-Awesome v0.0.0-20241216213156-af620534bfc3/go.mod h1:IUgezN/MFpCDIlFezw3L8j83oeiIuYoj28Miwr/KUYo=
github.com/google/docsy v0.15.0 h1:MNJ1nrE2ZuweXlUNaegTo/UbSKZJu+WMczahfZaxosI=
github.com/google/docsy v0.15.0/go.mod h1:1Fj1W1O3esZh7IBQ8XAYtxtg10udBXuGI89+LUQc1AU=
github.com/twbs/bootstrap v5.3.8+incompatible h1:eK1fsXP7R/FWFt+sSNmmvUH9usPocf240nWVw7Dh02o=
github.com/twbs/bootstrap v5.3.8+incompatible/go.mod h1:fZTSrkpSf0/HkL0IIJzvVspTt1r9zuf7XlZau8kpcY0=
